
Microsoft Visual Studio Solution File, Format Version 12.00
# Visual Studio Version 17
VisualStudioVersion = 17.3.32811.315
MinimumVisualStudioVersion = 10.0.40219.1
Project("{FAE04EC0-301F-11D3-BF4B-00C04F79EFBC}") = "list", "list\list.csproj", "{ED242FC4-BA49-4EC6-910F-3057A78CD68F}"
EndProject
Global
	GlobalSection(SolutionConfigurationPlatforms) = preSolution
		Debug|Any CPU = Debug|Any CPU
		Release|Any CPU = Release|Any CPU
	EndGlobalSection
	GlobalSection(ProjectConfigurationPlatforms) = postSolution
		{ED242FC4-BA49-4EC6-910F-3057A78CD68F}.Debug|Any CPU.ActiveCfg = Debug|Any CPU
		{ED242FC4-BA49-4EC6-910F-3057A78CD68F}.Debug|Any CPU.Build.0 = Debug|Any CPU
		{ED242FC4-BA49-4EC6-910F-3057A78CD68F}.Release|Any CPU.ActiveCfg = Release|Any CPU
		{ED242FC4-BA49-4EC6-910F-3057A78CD68F}.Release|Any CPU.Build.0 = Release|Any CPU
	EndGlobalSection
	GlobalSection(SolutionProperties) = preSolution
		HideSolutionNode = FALSE
	EndGlobalSection
	GlobalSection(ExtensibilityGlobals) = postSolution
		SolutionGuid = {71BBBC14-0B05-4D3D-ACA2-CF60B679658F}
	EndGlobalSection
EndGlobal
